
Microsoft Visual Studio Solution File, Format Version 11.00
# Visual Studio 2010
Project("{FAE04EC0-301F-11D3-BF4B-00C04F79EFBC}") = "Hygia.API", "src\Hygia.Api\Hygia.API.csproj", "{68A2EDA5-D69B-49E9-B965-F2F5BAE69618}"
EndProject
Project("{FAE04EC0-301F-11D3-BF4B-00C04F79EFBC}") = "Hygia.Operations", "src\Hygia.Operations\Hygia.Operations.csproj", "{5C10F8AE-3AFE-4B51-B6A3-79AEE26A166F}"
EndProject
Project("{FAE04EC0-301F-11D3-BF4B-00C04F79EFBC}") = "Hygia.Operations.AuditUploads.Api", "src\Hygia.Operations.AuditUploads.Api\Hygia.Operations.AuditUploads.Api.csproj", "{9414D4D0-DB3C-4C4D-BA66-7AC97288F923}"
EndProject
Project("{2150E333-8FDC-42A3-9474-1A3956D46DE8}") = "Operations", "Operations", "{BB5B542D-8B5D-46E3-897D-EF7F3D4BE59F}"
EndProject
Project("{FAE04EC0-301F-11D3-BF4B-00C04F79EFBC}") = "Hygia.Operations.Faults.Api", "src\Hygia.Operations.Faults.Api\Hygia.Operations.Faults.Api.csproj", "{B9B2A6E8-24D7-42B9-BFCE-6EF7578069EC}"
EndProject
Project("{2150E333-8FDC-42A3-9474-1A3956D46DE8}") = "FaultManagement", "FaultManagement", "{FBAA2A34-3446-46E5-8DDA-6964D4D2786B}"
EndProject
Project("{FAE04EC0-301F-11D3-BF4B-00C04F79EFBC}") = "Hygia.FaultManagement.Domain", "src\Hygia.FaultManagement.Domain\Hygia.FaultManagement.Domain.csproj", "{FE5A6411-D13A-4252-9E95-BE775D172560}"
EndProject
Project("{FAE04EC0-301F-11D3-BF4B-00C04F79EFBC}") = "Hygia.IntegrationTests", "tests\Hygia.IntegrationTests\Hygia.IntegrationTests.csproj", "{09DE4E5E-4672-4FEF-AB52-11B65536819A}"
EndProject
Project("{FAE04EC0-301F-11D3-BF4B-00C04F79EFBC}") = "Hygia.Drivers.NServiceBus", "tests\Hygia.Drivers.NServiceBus\Hygia.Drivers.NServiceBus.csproj", "{0336B64B-3535-4D62-A70A-ED6284945BAC}"
EndProject
Project("{2150E333-8FDC-42A3-9474-1A3956D46DE8}") = "Tests", "Tests", "{B795DA21-88A7-4BEA-8165-069CE3A6F41A}"
EndProject
Project("{FAE04EC0-301F-11D3-BF4B-00C04F79EFBC}") = "Hygia.FaultManagement.Api", "src\Hygia.FaultManagement.Api\Hygia.FaultManagement.Api.csproj", "{9E46E4A9-8CB5-4B21-AA79-2554DEFAD5E7}"
EndProject
Project("{2150E333-8FDC-42A3-9474-1A3956D46DE8}") = "Notifications", "Notifications", "{7B1CCC27-74D9-44EB-8C80-8F919F82D49A}"
EndProject
Project("{FAE04EC0-301F-11D3-BF4B-00C04F79EFBC}") = "Hygia.Notifications.Domain", "src\Hygia.Notifications.Domain\Hygia.Notifications.Domain.csproj", "{90281B60-6D3F-479D-8449-1F25E81B4991}"
EndProject
Project("{2150E333-8FDC-42A3-9474-1A3956D46DE8}") = "Communication", "Communication", "{B8929125-8C51-4737-BE04-62DDD3A67B60}"
EndProject
Project("{FAE04EC0-301F-11D3-BF4B-00C04F79EFBC}") = "Hygia.Operations.Communication.Api", "src\Hygia.Operations.Communication.Api\Hygia.Operations.Communication.Api.csproj", "{1F196238-7817-4163-8002-B41681503A94}"
EndProject
Project("{FAE04EC0-301F-11D3-BF4B-00C04F79EFBC}") = "Hygia.Operations.Communication.Domain", "src\Hygia.Operations.Communication.Domain\Hygia.Operations.Communication.Domain.csproj", "{BD2F02FB-8605-42CF-B974-1907CE54C8CE}"
EndProject
Project("{FAE04EC0-301F-11D3-BF4B-00C04F79EFBC}") = "Hygia.Operations.Communication", "src\Hygia.Operations.Communication\Hygia.Operations.Communication.csproj", "{7DC1D128-B3F6-400B-9271-B40821DC9FE3}"
EndProject
Project("{FAE04EC0-301F-11D3-BF4B-00C04F79EFBC}") = "Hygia.FaultManagement.Commands", "src\Hygia.FaultManagement.Commands\Hygia.FaultManagement.Commands.csproj", "{A18663E7-36E5-4BCC-B8F3-1E4A62EA6306}"
EndProject
Project("{2150E333-8FDC-42A3-9474-1A3956D46DE8}") = "LogicalMonitoring", "LogicalMonitoring", "{6549891B-C70E-48C7-972F-859701194CF7}"
EndProject
Project("{FAE04EC0-301F-11D3-BF4B-00C04F79EFBC}") = "Hygia.LogicalMonitoring.Api", "src\Hygia.LogicalMonitoring.Api\Hygia.LogicalMonitoring.Api.csproj", "{B3F1ECC1-66F0-465E-BBE2-50DD0106652F}"
EndProject
Project("{FAE04EC0-301F-11D3-BF4B-00C04F79EFBC}") = "Hygia.LogicalMonitoring", "src\Hygia.LogicalMonitoring\Hygia.LogicalMonitoring.csproj", "{ACD5D3D1-675A-49EF-8CF4-7E27528CFAC1}"
EndProject
Project("{FAE04EC0-301F-11D3-BF4B-00C04F79EFBC}") = "Hygia.Core", "src\Hygia.Core\Hygia.Core.csproj", "{C4F880A3-653F-4CC9-9333-DBE2CB4EFEF9}"
EndProject
Project("{FAE04EC0-301F-11D3-BF4B-00C04F79EFBC}") = "Hygia.Notifications.Provide", "src\Hygia.Notifications.Provide\Hygia.Notifications.Provide.csproj", "{6AEE8B0C-ED5D-4B25-B863-FB4A47B507CC}"
EndProject
Project("{FAE04EC0-301F-11D3-BF4B-00C04F79EFBC}") = "Hygia.Operations.AuditUploads", "src\Hygia.Operations.AuditUploads\Hygia.Operations.AuditUploads.csproj", "{0913F8B5-DA27-4B5C-9E13-682A8555BCE3}"
EndProject
Project("{FAE04EC0-301F-11D3-BF4B-00C04F79EFBC}") = "Hygia.Operations.Events", "src\Hygia.Operations.Events\Hygia.Operations.Events.csproj", "{A1BD8BAC-28CC-4169-B73E-B13C22132DFB}"
EndProject
Project("{2150E333-8FDC-42A3-9474-1A3956D46DE8}") = "UserManagement", "UserManagement", "{6145BDDF-D827-495B-BE35-832C276E72B0}"
EndProject
Project("{2150E333-8FDC-42A3-9474-1A3956D46DE8}") = ".Core", ".Core", "{5C6738C2-3561-4D7F-AADC-6CBF4B94E68D}"
EndProject
Project("{FAE04EC0-301F-11D3-BF4B-00C04F79EFBC}") = "Hygia.UserManagement.Api", "src\Hygia.UserManagement.Api\Hygia.UserManagement.Api.csproj", "{FA580D03-187E-43A3-8044-547195B5F297}"
EndProject
Project("{FAE04EC0-301F-11D3-BF4B-00C04F79EFBC}") = "Hygia.Operations.Email.Commands", "src\Hygia.Operations.Email.Commands\Hygia.Operations.Email.Commands.csproj", "{8C8975BF-302A-4462-9EDF-1CBA03270C57}"
EndProject
Global
	GlobalSection(SolutionConfigurationPlatforms) = preSolution
		Debug|Any CPU = Debug|Any CPU
		Release|Any CPU = Release|Any CPU
	EndGlobalSection
	GlobalSection(ProjectConfigurationPlatforms) = postSolution
		{68A2EDA5-D69B-49E9-B965-F2F5BAE69618}.Debug|Any CPU.ActiveCfg = Debug|Any CPU
		{68A2EDA5-D69B-49E9-B965-F2F5BAE69618}.Debug|Any CPU.Build.0 = Debug|Any CPU
		{68A2EDA5-D69B-49E9-B965-F2F5BAE69618}.Release|Any CPU.ActiveCfg = Release|Any CPU
		{68A2EDA5-D69B-49E9-B965-F2F5BAE69618}.Release|Any CPU.Build.0 = Release|Any CPU
		{5C10F8AE-3AFE-4B51-B6A3-79AEE26A166F}.Debug|Any CPU.ActiveCfg = Debug|Any CPU
		{5C10F8AE-3AFE-4B51-B6A3-79AEE26A166F}.Debug|Any CPU.Build.0 = Debug|Any CPU
		{5C10F8AE-3AFE-4B51-B6A3-79AEE26A166F}.Release|Any CPU.ActiveCfg = Release|Any CPU
		{5C10F8AE-3AFE-4B51-B6A3-79AEE26A166F}.Release|Any CPU.Build.0 = Release|Any CPU
		{9414D4D0-DB3C-4C4D-BA66-7AC97288F923}.Debug|Any CPU.ActiveCfg = Debug|Any CPU
		{9414D4D0-DB3C-4C4D-BA66-7AC97288F923}.Debug|Any CPU.Build.0 = Debug|Any CPU
		{9414D4D0-DB3C-4C4D-BA66-7AC97288F923}.Release|Any CPU.ActiveCfg = Release|Any CPU
		{9414D4D0-DB3C-4C4D-BA66-7AC97288F923}.Release|Any CPU.Build.0 = Release|Any CPU
		{B9B2A6E8-24D7-42B9-BFCE-6EF7578069EC}.Debug|Any CPU.ActiveCfg = Debug|Any CPU
		{B9B2A6E8-24D7-42B9-BFCE-6EF7578069EC}.Debug|Any CPU.Build.0 = Debug|Any CPU
		{B9B2A6E8-24D7-42B9-BFCE-6EF7578069EC}.Release|Any CPU.ActiveCfg = Release|Any CPU
		{B9B2A6E8-24D7-42B9-BFCE-6EF7578069EC}.Release|Any CPU.Build.0 = Release|Any CPU
		{FE5A6411-D13A-4252-9E95-BE775D172560}.Debug|Any CPU.ActiveCfg = Debug|Any CPU
		{FE5A6411-D13A-4252-9E95-BE775D172560}.Debug|Any CPU.Build.0 = Debug|Any CPU
		{FE5A6411-D13A-4252-9E95-BE775D172560}.Release|Any CPU.ActiveCfg = Release|Any CPU
		{FE5A6411-D13A-4252-9E95-BE775D172560}.Release|Any CPU.Build.0 = Release|Any CPU
		{09DE4E5E-4672-4FEF-AB52-11B65536819A}.Debug|Any CPU.ActiveCfg = Debug|Any CPU
		{09DE4E5E-4672-4FEF-AB52-11B65536819A}.Debug|Any CPU.Build.0 = Debug|Any CPU
		{09DE4E5E-4672-4FEF-AB52-11B65536819A}.Release|Any CPU.ActiveCfg = Release|Any CPU
		{09DE4E5E-4672-4FEF-AB52-11B65536819A}.Release|Any CPU.Build.0 = Release|Any CPU
		{0336B64B-3535-4D62-A70A-ED6284945BAC}.Debug|Any CPU.ActiveCfg = Debug|Any CPU
		{0336B64B-3535-4D62-A70A-ED6284945BAC}.Debug|Any CPU.Build.0 = Debug|Any CPU
		{0336B64B-3535-4D62-A70A-ED6284945BAC}.Release|Any CPU.ActiveCfg = Release|Any CPU
		{0336B64B-3535-4D62-A70A-ED6284945BAC}.Release|Any CPU.Build.0 = Release|Any CPU
		{9E46E4A9-8CB5-4B21-AA79-2554DEFAD5E7}.Debug|Any CPU.ActiveCfg = Debug|Any CPU
		{9E46E4A9-8CB5-4B21-AA79-2554DEFAD5E7}.Debug|Any CPU.Build.0 = Debug|Any CPU
		{9E46E4A9-8CB5-4B21-AA79-2554DEFAD5E7}.Release|Any CPU.ActiveCfg = Release|Any CPU
		{9E46E4A9-8CB5-4B21-AA79-2554DEFAD5E7}.Release|Any CPU.Build.0 = Release|Any CPU
		{90281B60-6D3F-479D-8449-1F25E81B4991}.Debug|Any CPU.ActiveCfg = Debug|Any CPU
		{90281B60-6D3F-479D-8449-1F25E81B4991}.Debug|Any CPU.Build.0 = Debug|Any CPU
		{90281B60-6D3F-479D-8449-1F25E81B4991}.Release|Any CPU.ActiveCfg = Release|Any CPU
		{90281B60-6D3F-479D-8449-1F25E81B4991}.Release|Any CPU.Build.0 = Release|Any CPU
		{1F196238-7817-4163-8002-B41681503A94}.Debug|Any CPU.ActiveCfg = Debug|Any CPU
		{1F196238-7817-4163-8002-B41681503A94}.Debug|Any CPU.Build.0 = Debug|Any CPU
		{1F196238-7817-4163-8002-B41681503A94}.Release|Any CPU.ActiveCfg = Release|Any CPU
		{1F196238-7817-4163-8002-B41681503A94}.Release|Any CPU.Build.0 = Release|Any CPU
		{BD2F02FB-8605-42CF-B974-1907CE54C8CE}.Debug|Any CPU.ActiveCfg = Debug|Any CPU
		{BD2F02FB-8605-42CF-B974-1907CE54C8CE}.Debug|Any CPU.Build.0 = Debug|Any CPU
		{BD2F02FB-8605-42CF-B974-1907CE54C8CE}.Release|Any CPU.ActiveCfg = Release|Any CPU
		{BD2F02FB-8605-42CF-B974-1907CE54C8CE}.Release|Any CPU.Build.0 = Release|Any CPU
		{7DC1D128-B3F6-400B-9271-B40821DC9FE3}.Debug|Any CPU.ActiveCfg = Debug|Any CPU
		{7DC1D128-B3F6-400B-9271-B40821DC9FE3}.Debug|Any CPU.Build.0 = Debug|Any CPU
		{7DC1D128-B3F6-400B-9271-B40821DC9FE3}.Release|Any CPU.ActiveCfg = Release|Any CPU
		{7DC1D128-B3F6-400B-9271-B40821DC9FE3}.Release|Any CPU.Build.0 = Release|Any CPU
		{A18663E7-36E5-4BCC-B8F3-1E4A62EA6306}.Debug|Any CPU.ActiveCfg = Debug|Any CPU
		{A18663E7-36E5-4BCC-B8F3-1E4A62EA6306}.Debug|Any CPU.Build.0 = Debug|Any CPU
		{A18663E7-36E5-4BCC-B8F3-1E4A62EA6306}.Release|Any CPU.ActiveCfg = Release|Any CPU
		{A18663E7-36E5-4BCC-B8F3-1E4A62EA6306}.Release|Any CPU.Build.0 = Release|Any CPU
		{B3F1ECC1-66F0-465E-BBE2-50DD0106652F}.Debug|Any CPU.ActiveCfg = Debug|Any CPU
		{B3F1ECC1-66F0-465E-BBE2-50DD0106652F}.Debug|Any CPU.Build.0 = Debug|Any CPU
		{B3F1ECC1-66F0-465E-BBE2-50DD0106652F}.Release|Any CPU.ActiveCfg = Release|Any CPU
		{B3F1ECC1-66F0-465E-BBE2-50DD0106652F}.Release|Any CPU.Build.0 = Release|Any CPU
		{ACD5D3D1-675A-49EF-8CF4-7E27528CFAC1}.Debug|Any CPU.ActiveCfg = Debug|Any CPU
		{ACD5D3D1-675A-49EF-8CF4-7E27528CFAC1}.Debug|Any CPU.Build.0 = Debug|Any CPU
		{ACD5D3D1-675A-49EF-8CF4-7E27528CFAC1}.Release|Any CPU.ActiveCfg = Release|Any CPU
		{ACD5D3D1-675A-49EF-8CF4-7E27528CFAC1}.Release|Any CPU.Build.0 = Release|Any CPU
		{C4F880A3-653F-4CC9-9333-DBE2CB4EFEF9}.Debug|Any CPU.ActiveCfg = Debug|Any CPU
		{C4F880A3-653F-4CC9-9333-DBE2CB4EFEF9}.Debug|Any CPU.Build.0 = Debug|Any CPU
		{C4F880A3-653F-4CC9-9333-DBE2CB4EFEF9}.Release|Any CPU.ActiveCfg = Release|Any CPU
		{C4F880A3-653F-4CC9-9333-DBE2CB4EFEF9}.Release|Any CPU.Build.0 = Release|Any CPU
		{6AEE8B0C-ED5D-4B25-B863-FB4A47B507CC}.Debug|Any CPU.ActiveCfg = Debug|Any CPU
		{6AEE8B0C-ED5D-4B25-B863-FB4A47B507CC}.Debug|Any CPU.Build.0 = Debug|Any CPU
		{6AEE8B0C-ED5D-4B25-B863-FB4A47B507CC}.Release|Any CPU.ActiveCfg = Release|Any CPU
		{6AEE8B0C-ED5D-4B25-B863-FB4A47B507CC}.Release|Any CPU.Build.0 = Release|Any CPU
		{0913F8B5-DA27-4B5C-9E13-682A8555BCE3}.Debug|Any CPU.ActiveCfg = Debug|Any CPU
		{0913F8B5-DA27-4B5C-9E13-682A8555BCE3}.Debug|Any CPU.Build.0 = Debug|Any CPU
		{0913F8B5-DA27-4B5C-9E13-682A8555BCE3}.Release|Any CPU.ActiveCfg = Release|Any CPU
		{0913F8B5-DA27-4B5C-9E13-682A8555BCE3}.Release|Any CPU.Build.0 = Release|Any CPU
		{A1BD8BAC-28CC-4169-B73E-B13C22132DFB}.Debug|Any CPU.ActiveCfg = Debug|Any CPU
		{A1BD8BAC-28CC-4169-B73E-B13C22132DFB}.Debug|Any CPU.Build.0 = Debug|Any CPU
		{A1BD8BAC-28CC-4169-B73E-B13C22132DFB}.Release|Any CPU.ActiveCfg = Release|Any CPU
		{A1BD8BAC-28CC-4169-B73E-B13C22132DFB}.Release|Any CPU.Build.0 = Release|Any CPU
		{FA580D03-187E-43A3-8044-547195B5F297}.Debug|Any CPU.ActiveCfg = Debug|Any CPU
		{FA580D03-187E-43A3-8044-547195B5F297}.Debug|Any CPU.Build.0 = Debug|Any CPU
		{FA580D03-187E-43A3-8044-547195B5F297}.Release|Any CPU.ActiveCfg = Release|Any CPU
		{FA580D03-187E-43A3-8044-547195B5F297}.Release|Any CPU.Build.0 = Release|Any CPU
		{8C8975BF-302A-4462-9EDF-1CBA03270C57}.Debug|Any CPU.ActiveCfg = Debug|Any CPU
		{8C8975BF-302A-4462-9EDF-1CBA03270C57}.Debug|Any CPU.Build.0 = Debug|Any CPU
		{8C8975BF-302A-4462-9EDF-1CBA03270C57}.Release|Any CPU.ActiveCfg = Release|Any CPU
		{8C8975BF-302A-4462-9EDF-1CBA03270C57}.Release|Any CPU.Build.0 = Release|Any CPU
	EndGlobalSection
	GlobalSection(SolutionProperties) = preSolution
		HideSolutionNode = FALSE
	EndGlobalSection
	GlobalSection(NestedProjects) = preSolution
		{9414D4D0-DB3C-4C4D-BA66-7AC97288F923} = {BB5B542D-8B5D-46E3-897D-EF7F3D4BE59F}
		{5C10F8AE-3AFE-4B51-B6A3-79AEE26A166F} = {BB5B542D-8B5D-46E3-897D-EF7F3D4BE59F}
		{B9B2A6E8-24D7-42B9-BFCE-6EF7578069EC} = {BB5B542D-8B5D-46E3-897D-EF7F3D4BE59F}
		{B8929125-8C51-4737-BE04-62DDD3A67B60} = {BB5B542D-8B5D-46E3-897D-EF7F3D4BE59F}
		{0913F8B5-DA27-4B5C-9E13-682A8555BCE3} = {BB5B542D-8B5D-46E3-897D-EF7F3D4BE59F}
		{A1BD8BAC-28CC-4169-B73E-B13C22132DFB} = {BB5B542D-8B5D-46E3-897D-EF7F3D4BE59F}
		{8C8975BF-302A-4462-9EDF-1CBA03270C57} = {BB5B542D-8B5D-46E3-897D-EF7F3D4BE59F}
		{FE5A6411-D13A-4252-9E95-BE775D172560} = {FBAA2A34-3446-46E5-8DDA-6964D4D2786B}
		{9E46E4A9-8CB5-4B21-AA79-2554DEFAD5E7} = {FBAA2A34-3446-46E5-8DDA-6964D4D2786B}
		{A18663E7-36E5-4BCC-B8F3-1E4A62EA6306} = {FBAA2A34-3446-46E5-8DDA-6964D4D2786B}
		{0336B64B-3535-4D62-A70A-ED6284945BAC} = {B795DA21-88A7-4BEA-8165-069CE3A6F41A}
		{09DE4E5E-4672-4FEF-AB52-11B65536819A} = {B795DA21-88A7-4BEA-8165-069CE3A6F41A}
		{90281B60-6D3F-479D-8449-1F25E81B4991} = {7B1CCC27-74D9-44EB-8C80-8F919F82D49A}
		{6AEE8B0C-ED5D-4B25-B863-FB4A47B507CC} = {7B1CCC27-74D9-44EB-8C80-8F919F82D49A}
		{1F196238-7817-4163-8002-B41681503A94} = {B8929125-8C51-4737-BE04-62DDD3A67B60}
		{BD2F02FB-8605-42CF-B974-1907CE54C8CE} = {B8929125-8C51-4737-BE04-62DDD3A67B60}
		{7DC1D128-B3F6-400B-9271-B40821DC9FE3} = {B8929125-8C51-4737-BE04-62DDD3A67B60}
		{B3F1ECC1-66F0-465E-BBE2-50DD0106652F} = {6549891B-C70E-48C7-972F-859701194CF7}
		{ACD5D3D1-675A-49EF-8CF4-7E27528CFAC1} = {6549891B-C70E-48C7-972F-859701194CF7}
		{FA580D03-187E-43A3-8044-547195B5F297} = {6145BDDF-D827-495B-BE35-832C276E72B0}
		{C4F880A3-653F-4CC9-9333-DBE2CB4EFEF9} = {5C6738C2-3561-4D7F-AADC-6CBF4B94E68D}
	EndGlobalSection
EndGlobal
