
Microsoft Visual Studio Solution File, Format Version 11.00
# Visual Studio 2010
Project("{2150E333-8FDC-42A3-9474-1A3956D46DE8}") = ".nuget", ".nuget", "{5EB6F2E5-235D-4EF4-AEDD-FC5E14A4285B}"
	ProjectSection(SolutionItems) = preProject
		.nuget\NuGet.exe = .nuget\NuGet.exe
		.nuget\NuGet.targets = .nuget\NuGet.targets
	EndProjectSection
EndProject
Project("{2150E333-8FDC-42A3-9474-1A3956D46DE8}") = "Specs", "Specs", "{B385FF4F-9C9E-4005-B030-4A1D0F3F55D8}"
EndProject
Project("{FAE04EC0-301F-11D3-BF4B-00C04F79EFBC}") = "Hygia.Backend", "src\Hygia.Backend\Hygia.Backend.csproj", "{5E0E7F92-82AD-4E42-B6B0-8DBFC2C38074}"
EndProject
Project("{2150E333-8FDC-42A3-9474-1A3956D46DE8}") = "LogicalMonitoring", "LogicalMonitoring", "{7139F4C9-17E1-472B-876D-FEAC7274A881}"
EndProject
Project("{2150E333-8FDC-42A3-9474-1A3956D46DE8}") = "Operations", "Operations", "{8B1E0FC7-2685-4C85-99A4-59664CEF9C57}"
EndProject
Project("{2150E333-8FDC-42A3-9474-1A3956D46DE8}") = "Core", "Core", "{3E095456-4A91-41D0-8D57-6F0C0982FE63}"
EndProject
Project("{FAE04EC0-301F-11D3-BF4B-00C04F79EFBC}") = "Hygia.Operations.AuditUploads", "src\Hygia.Operations.AuditUploads\Hygia.Operations.AuditUploads.csproj", "{0913F8B5-DA27-4B5C-9E13-682A8555BCE3}"
EndProject
Project("{FAE04EC0-301F-11D3-BF4B-00C04F79EFBC}") = "Hygia.Core", "src\Hygia.Core\Hygia.Core.csproj", "{C4F880A3-653F-4CC9-9333-DBE2CB4EFEF9}"
EndProject
Project("{FAE04EC0-301F-11D3-BF4B-00C04F79EFBC}") = "Hygia.Operations", "src\Hygia.Operations\Hygia.Operations.csproj", "{5C10F8AE-3AFE-4B51-B6A3-79AEE26A166F}"
EndProject
Project("{2150E333-8FDC-42A3-9474-1A3956D46DE8}") = "PhysicalMonitoring", "PhysicalMonitoring", "{D07E79F1-C499-4017-8A22-52B145BABFBA}"
EndProject
Project("{FAE04EC0-301F-11D3-BF4B-00C04F79EFBC}") = "Hygia.PhysicalMonitoring", "src\Hygia.PhysicalMonitoring\Hygia.PhysicalMonitoring.csproj", "{A69B2E6E-9E40-40B4-BFD8-3164DF393744}"
EndProject
Project("{FAE04EC0-301F-11D3-BF4B-00C04F79EFBC}") = "Hygia.LogicalMonitoring", "src\Hygia.LogicalMonitoring\Hygia.LogicalMonitoring.csproj", "{ACD5D3D1-675A-49EF-8CF4-7E27528CFAC1}"
EndProject
Project("{2150E333-8FDC-42A3-9474-1A3956D46DE8}") = "AuditUploads", "AuditUploads", "{35AAE028-91F3-43F3-B01D-760FEA17C82B}"
EndProject
Project("{2150E333-8FDC-42A3-9474-1A3956D46DE8}") = "Tests", "Tests", "{1FD2C709-5B60-4D1E-A739-F87259470FB0}"
EndProject
Project("{2150E333-8FDC-42A3-9474-1A3956D46DE8}") = "Integration", "Integration", "{AA3945AF-28EB-46EF-8D29-2561CE14100D}"
EndProject
Project("{FAE04EC0-301F-11D3-BF4B-00C04F79EFBC}") = "Hygia.IntegrationTests", "tests\Hygia.IntegrationTests\Hygia.IntegrationTests.csproj", "{09DE4E5E-4672-4FEF-AB52-11B65536819A}"
EndProject
Project("{FAE04EC0-301F-11D3-BF4B-00C04F79EFBC}") = "Hygia.PhysicalMonitoring.Index", "src\Hygia.PhysicalMonitoring.Index\Hygia.PhysicalMonitoring.Index.csproj", "{B1589498-379C-47EC-A20C-4460894A3497}"
EndProject
Project("{FAE04EC0-301F-11D3-BF4B-00C04F79EFBC}") = "Hygia.Operations.Events", "src\Hygia.Operations.Events\Hygia.Operations.Events.csproj", "{A1BD8BAC-28CC-4169-B73E-B13C22132DFB}"
EndProject
Project("{FAE04EC0-301F-11D3-BF4B-00C04F79EFBC}") = "Hygia.Operations.AuditUploads.Commands", "src\Hygia.Operations.AuditUploads.Commands\Hygia.Operations.AuditUploads.Commands.csproj", "{F69BC5DB-C4E2-4AA0-A622-AA0C20CB2E3F}"
EndProject
Project("{2150E333-8FDC-42A3-9474-1A3956D46DE8}") = "Notifications", "Notifications", "{A1275D17-4705-43F0-AABD-8E1AA32205E3}"
EndProject
Project("{FAE04EC0-301F-11D3-BF4B-00C04F79EFBC}") = "Hygia.Notifications", "src\Hygia.Notifications\Hygia.Notifications.csproj", "{EF6577D8-FDF8-478E-9C5A-621CD4504ECE}"
EndProject
Project("{2150E333-8FDC-42A3-9474-1A3956D46DE8}") = "ServiceLevelAgreements", "ServiceLevelAgreements", "{E21C2EB0-0C1F-4458-8B71-CBB0C7BE06D2}"
EndProject
Project("{FAE04EC0-301F-11D3-BF4B-00C04F79EFBC}") = "Hygia.ServiceLevelAgreements", "src\Hygia.ServiceLevelAgreements\Hygia.ServiceLevelAgreements.csproj", "{361D2CDE-D2B2-4841-901A-7D9E2D3BE29D}"
EndProject
Project("{FAE04EC0-301F-11D3-BF4B-00C04F79EFBC}") = "Hygia.ServiceLevelAgreements.Events", "src\Hygia.ServiceLevelAgreements.Events\Hygia.ServiceLevelAgreements.Events.csproj", "{A60EE78F-91F9-4843-9560-C9EBAC9EDF52}"
EndProject
Project("{FAE04EC0-301F-11D3-BF4B-00C04F79EFBC}") = "Hygia.Notifications.Domain", "src\Hygia.Notifications.Domain\Hygia.Notifications.Domain.csproj", "{90281B60-6D3F-479D-8449-1F25E81B4991}"
EndProject
Project("{FAE04EC0-301F-11D3-BF4B-00C04F79EFBC}") = "Hygia.ServiceLevelAgreements.Domain", "src\Hygia.ServiceLevelAgreements.Domain\Hygia.ServiceLevelAgreements.Domain.csproj", "{BB51732F-3674-4BA3-A512-98CD46A9AFF3}"
EndProject
Project("{FAE04EC0-301F-11D3-BF4B-00C04F79EFBC}") = "Hygia.Drivers.NServiceBus", "tests\Hygia.Drivers.NServiceBus\Hygia.Drivers.NServiceBus.csproj", "{0336B64B-3535-4D62-A70A-ED6284945BAC}"
EndProject
Project("{FAE04EC0-301F-11D3-BF4B-00C04F79EFBC}") = "Hygia.Operations.Email", "src\Hygia.Operations.Email\Hygia.Operations.Email.csproj", "{5A0A1032-8728-4351-8550-E9891112C078}"
EndProject
Project("{FAE04EC0-301F-11D3-BF4B-00C04F79EFBC}") = "Hygia.Operations.Email.Commands", "src\Hygia.Operations.Email.Commands\Hygia.Operations.Email.Commands.csproj", "{8C8975BF-302A-4462-9EDF-1CBA03270C57}"
EndProject
Project("{2150E333-8FDC-42A3-9474-1A3956D46DE8}") = "Faults", "Faults", "{85B27883-4651-45BC-B3E1-A00564525140}"
EndProject
Project("{FAE04EC0-301F-11D3-BF4B-00C04F79EFBC}") = "Hygia.Operations.Faults.Commands", "src\Hygia.Operations.Faults.Commands\Hygia.Operations.Faults.Commands.csproj", "{C3E15AE4-E527-48FB-B653-EA403FF01F25}"
EndProject
Project("{FAE04EC0-301F-11D3-BF4B-00C04F79EFBC}") = "Hygia.Operations.Faults", "src\Hygia.Operations.Faults\Hygia.Operations.Faults.csproj", "{391F6B9B-9CE9-4168-B033-AB1CA2D9FC23}"
EndProject
Project("{2150E333-8FDC-42A3-9474-1A3956D46DE8}") = "FaultManagement", "FaultManagement", "{BD9F4B64-C888-4D39-A8E5-61A4C7F017EF}"
EndProject
Project("{FAE04EC0-301F-11D3-BF4B-00C04F79EFBC}") = "Hygia.FaultManagement", "src\Hygia.FaultManagement\Hygia.FaultManagement.csproj", "{5F6C6873-E9F1-451E-8E1A-BDF906BC61F5}"
EndProject
Project("{FAE04EC0-301F-11D3-BF4B-00C04F79EFBC}") = "Hygia.FaultManagement.Events", "src\Hygia.FaultManagement.Events\Hygia.FaultManagement.Events.csproj", "{102954BE-D780-46FD-AEC6-A7E58B9DD79D}"
EndProject
Project("{FAE04EC0-301F-11D3-BF4B-00C04F79EFBC}") = "Hygia.FaultManagement.Domain", "src\Hygia.FaultManagement.Domain\Hygia.FaultManagement.Domain.csproj", "{FE5A6411-D13A-4252-9E95-BE775D172560}"
EndProject
Project("{FAE04EC0-301F-11D3-BF4B-00C04F79EFBC}") = "Hygia.Notifications.Provide", "src\Hygia.Notifications.Provide\Hygia.Notifications.Provide.csproj", "{6AEE8B0C-ED5D-4B25-B863-FB4A47B507CC}"
EndProject
Project("{2150E333-8FDC-42A3-9474-1A3956D46DE8}") = "Communication", "Communication", "{46F68DD7-EDBA-4F96-BF44-F5BF6C2E2776}"
EndProject
Project("{FAE04EC0-301F-11D3-BF4B-00C04F79EFBC}") = "Hygia.Operations.Communication.Domain", "src\Hygia.Operations.Communication.Domain\Hygia.Operations.Communication.Domain.csproj", "{BD2F02FB-8605-42CF-B974-1907CE54C8CE}"
EndProject
Project("{FAE04EC0-301F-11D3-BF4B-00C04F79EFBC}") = "Hygia.Operations.Communication.Handlers", "src\Hygia.Operations.Communication.Handlers\Hygia.Operations.Communication.Handlers.csproj", "{46D8B4D4-ED58-4831-9880-4785332DFCC3}"
EndProject
Project("{FAE04EC0-301F-11D3-BF4B-00C04F79EFBC}") = "Hygia.Operations.Communication", "src\Hygia.Operations.Communication\Hygia.Operations.Communication.csproj", "{7DC1D128-B3F6-400B-9271-B40821DC9FE3}"
EndProject
Project("{FAE04EC0-301F-11D3-BF4B-00C04F79EFBC}") = "Hygia.FaultManagement.Commands", "src\Hygia.FaultManagement.Commands\Hygia.FaultManagement.Commands.csproj", "{A18663E7-36E5-4BCC-B8F3-1E4A62EA6306}"
EndProject
Project("{2150E333-8FDC-42A3-9474-1A3956D46DE8}") = "Email", "Email", "{1DBDA8EF-7A1F-4F98-A00F-FFEC1FD95AA3}"
EndProject
Project("{FAE04EC0-301F-11D3-BF4B-00C04F79EFBC}") = "Hygia.Notifications.Specs", "tests\Hygia.Notifications.Specs\Hygia.Notifications.Specs.csproj", "{D984A5CD-3B4F-4DBD-B84D-7D9BB5965D73}"
EndProject
Project("{FAE04EC0-301F-11D3-BF4B-00C04F79EFBC}") = "Hygia.Core.Providers", "src\Hygia.Core.Providers\Hygia.Core.Providers.csproj", "{09427EF8-67F9-426D-8030-85AAE6274310}"
EndProject
Project("{FAE04EC0-301F-11D3-BF4B-00C04F79EFBC}") = "Hygia.Specs", "tests\Hygia.Specs\Hygia.Specs.csproj", "{55616C8C-DA1D-4FB3-B6D1-D1615B3B2EAB}"
EndProject
Project("{FAE04EC0-301F-11D3-BF4B-00C04F79EFBC}") = "Hygia.FaultManagement.Specs", "tests\Hygia.FaultManagement.Specs\Hygia.FaultManagement.Specs.csproj", "{AB257B2D-AC81-4B90-B365-F641281AFAD4}"
EndProject
Global
	GlobalSection(SolutionConfigurationPlatforms) = preSolution
		Debug|Any CPU = Debug|Any CPU
		Release|Any CPU = Release|Any CPU
	EndGlobalSection
	GlobalSection(ProjectConfigurationPlatforms) = postSolution
		{5E0E7F92-82AD-4E42-B6B0-8DBFC2C38074}.Debug|Any CPU.ActiveCfg = Debug|Any CPU
		{5E0E7F92-82AD-4E42-B6B0-8DBFC2C38074}.Debug|Any CPU.Build.0 = Debug|Any CPU
		{5E0E7F92-82AD-4E42-B6B0-8DBFC2C38074}.Release|Any CPU.ActiveCfg = Release|Any CPU
		{5E0E7F92-82AD-4E42-B6B0-8DBFC2C38074}.Release|Any CPU.Build.0 = Release|Any CPU
		{0913F8B5-DA27-4B5C-9E13-682A8555BCE3}.Debug|Any CPU.ActiveCfg = Debug|Any CPU
		{0913F8B5-DA27-4B5C-9E13-682A8555BCE3}.Debug|Any CPU.Build.0 = Debug|Any CPU
		{0913F8B5-DA27-4B5C-9E13-682A8555BCE3}.Release|Any CPU.ActiveCfg = Release|Any CPU
		{0913F8B5-DA27-4B5C-9E13-682A8555BCE3}.Release|Any CPU.Build.0 = Release|Any CPU
		{C4F880A3-653F-4CC9-9333-DBE2CB4EFEF9}.Debug|Any CPU.ActiveCfg = Debug|Any CPU
		{C4F880A3-653F-4CC9-9333-DBE2CB4EFEF9}.Debug|Any CPU.Build.0 = Debug|Any CPU
		{C4F880A3-653F-4CC9-9333-DBE2CB4EFEF9}.Release|Any CPU.ActiveCfg = Release|Any CPU
		{C4F880A3-653F-4CC9-9333-DBE2CB4EFEF9}.Release|Any CPU.Build.0 = Release|Any CPU
		{5C10F8AE-3AFE-4B51-B6A3-79AEE26A166F}.Debug|Any CPU.ActiveCfg = Debug|Any CPU
		{5C10F8AE-3AFE-4B51-B6A3-79AEE26A166F}.Debug|Any CPU.Build.0 = Debug|Any CPU
		{5C10F8AE-3AFE-4B51-B6A3-79AEE26A166F}.Release|Any CPU.ActiveCfg = Release|Any CPU
		{5C10F8AE-3AFE-4B51-B6A3-79AEE26A166F}.Release|Any CPU.Build.0 = Release|Any CPU
		{A69B2E6E-9E40-40B4-BFD8-3164DF393744}.Debug|Any CPU.ActiveCfg = Debug|Any CPU
		{A69B2E6E-9E40-40B4-BFD8-3164DF393744}.Debug|Any CPU.Build.0 = Debug|Any CPU
		{A69B2E6E-9E40-40B4-BFD8-3164DF393744}.Release|Any CPU.ActiveCfg = Release|Any CPU
		{A69B2E6E-9E40-40B4-BFD8-3164DF393744}.Release|Any CPU.Build.0 = Release|Any CPU
		{ACD5D3D1-675A-49EF-8CF4-7E27528CFAC1}.Debug|Any CPU.ActiveCfg = Debug|Any CPU
		{ACD5D3D1-675A-49EF-8CF4-7E27528CFAC1}.Debug|Any CPU.Build.0 = Debug|Any CPU
		{ACD5D3D1-675A-49EF-8CF4-7E27528CFAC1}.Release|Any CPU.ActiveCfg = Release|Any CPU
		{ACD5D3D1-675A-49EF-8CF4-7E27528CFAC1}.Release|Any CPU.Build.0 = Release|Any CPU
		{09DE4E5E-4672-4FEF-AB52-11B65536819A}.Debug|Any CPU.ActiveCfg = Debug|Any CPU
		{09DE4E5E-4672-4FEF-AB52-11B65536819A}.Debug|Any CPU.Build.0 = Debug|Any CPU
		{09DE4E5E-4672-4FEF-AB52-11B65536819A}.Release|Any CPU.ActiveCfg = Release|Any CPU
		{09DE4E5E-4672-4FEF-AB52-11B65536819A}.Release|Any CPU.Build.0 = Release|Any CPU
		{B1589498-379C-47EC-A20C-4460894A3497}.Debug|Any CPU.ActiveCfg = Debug|Any CPU
		{B1589498-379C-47EC-A20C-4460894A3497}.Debug|Any CPU.Build.0 = Debug|Any CPU
		{B1589498-379C-47EC-A20C-4460894A3497}.Release|Any CPU.ActiveCfg = Release|Any CPU
		{B1589498-379C-47EC-A20C-4460894A3497}.Release|Any CPU.Build.0 = Release|Any CPU
		{A1BD8BAC-28CC-4169-B73E-B13C22132DFB}.Debug|Any CPU.ActiveCfg = Debug|Any CPU
		{A1BD8BAC-28CC-4169-B73E-B13C22132DFB}.Debug|Any CPU.Build.0 = Debug|Any CPU
		{A1BD8BAC-28CC-4169-B73E-B13C22132DFB}.Release|Any CPU.ActiveCfg = Release|Any CPU
		{A1BD8BAC-28CC-4169-B73E-B13C22132DFB}.Release|Any CPU.Build.0 = Release|Any CPU
		{F69BC5DB-C4E2-4AA0-A622-AA0C20CB2E3F}.Debug|Any CPU.ActiveCfg = Debug|Any CPU
		{F69BC5DB-C4E2-4AA0-A622-AA0C20CB2E3F}.Debug|Any CPU.Build.0 = Debug|Any CPU
		{F69BC5DB-C4E2-4AA0-A622-AA0C20CB2E3F}.Release|Any CPU.ActiveCfg = Release|Any CPU
		{F69BC5DB-C4E2-4AA0-A622-AA0C20CB2E3F}.Release|Any CPU.Build.0 = Release|Any CPU
		{EF6577D8-FDF8-478E-9C5A-621CD4504ECE}.Debug|Any CPU.ActiveCfg = Debug|Any CPU
		{EF6577D8-FDF8-478E-9C5A-621CD4504ECE}.Debug|Any CPU.Build.0 = Debug|Any CPU
		{EF6577D8-FDF8-478E-9C5A-621CD4504ECE}.Release|Any CPU.ActiveCfg = Release|Any CPU
		{EF6577D8-FDF8-478E-9C5A-621CD4504ECE}.Release|Any CPU.Build.0 = Release|Any CPU
		{361D2CDE-D2B2-4841-901A-7D9E2D3BE29D}.Debug|Any CPU.ActiveCfg = Debug|Any CPU
		{361D2CDE-D2B2-4841-901A-7D9E2D3BE29D}.Debug|Any CPU.Build.0 = Debug|Any CPU
		{361D2CDE-D2B2-4841-901A-7D9E2D3BE29D}.Release|Any CPU.ActiveCfg = Release|Any CPU
		{361D2CDE-D2B2-4841-901A-7D9E2D3BE29D}.Release|Any CPU.Build.0 = Release|Any CPU
		{A60EE78F-91F9-4843-9560-C9EBAC9EDF52}.Debug|Any CPU.ActiveCfg = Debug|Any CPU
		{A60EE78F-91F9-4843-9560-C9EBAC9EDF52}.Debug|Any CPU.Build.0 = Debug|Any CPU
		{A60EE78F-91F9-4843-9560-C9EBAC9EDF52}.Release|Any CPU.ActiveCfg = Release|Any CPU
		{A60EE78F-91F9-4843-9560-C9EBAC9EDF52}.Release|Any CPU.Build.0 = Release|Any CPU
		{90281B60-6D3F-479D-8449-1F25E81B4991}.Debug|Any CPU.ActiveCfg = Debug|Any CPU
		{90281B60-6D3F-479D-8449-1F25E81B4991}.Debug|Any CPU.Build.0 = Debug|Any CPU
		{90281B60-6D3F-479D-8449-1F25E81B4991}.Release|Any CPU.ActiveCfg = Release|Any CPU
		{90281B60-6D3F-479D-8449-1F25E81B4991}.Release|Any CPU.Build.0 = Release|Any CPU
		{BB51732F-3674-4BA3-A512-98CD46A9AFF3}.Debug|Any CPU.ActiveCfg = Debug|Any CPU
		{BB51732F-3674-4BA3-A512-98CD46A9AFF3}.Debug|Any CPU.Build.0 = Debug|Any CPU
		{BB51732F-3674-4BA3-A512-98CD46A9AFF3}.Release|Any CPU.ActiveCfg = Release|Any CPU
		{BB51732F-3674-4BA3-A512-98CD46A9AFF3}.Release|Any CPU.Build.0 = Release|Any CPU
		{0336B64B-3535-4D62-A70A-ED6284945BAC}.Debug|Any CPU.ActiveCfg = Debug|Any CPU
		{0336B64B-3535-4D62-A70A-ED6284945BAC}.Debug|Any CPU.Build.0 = Debug|Any CPU
		{0336B64B-3535-4D62-A70A-ED6284945BAC}.Release|Any CPU.ActiveCfg = Release|Any CPU
		{0336B64B-3535-4D62-A70A-ED6284945BAC}.Release|Any CPU.Build.0 = Release|Any CPU
		{5A0A1032-8728-4351-8550-E9891112C078}.Debug|Any CPU.ActiveCfg = Debug|Any CPU
		{5A0A1032-8728-4351-8550-E9891112C078}.Debug|Any CPU.Build.0 = Debug|Any CPU
		{5A0A1032-8728-4351-8550-E9891112C078}.Release|Any CPU.ActiveCfg = Release|Any CPU
		{5A0A1032-8728-4351-8550-E9891112C078}.Release|Any CPU.Build.0 = Release|Any CPU
		{8C8975BF-302A-4462-9EDF-1CBA03270C57}.Debug|Any CPU.ActiveCfg = Debug|Any CPU
		{8C8975BF-302A-4462-9EDF-1CBA03270C57}.Debug|Any CPU.Build.0 = Debug|Any CPU
		{8C8975BF-302A-4462-9EDF-1CBA03270C57}.Release|Any CPU.ActiveCfg = Release|Any CPU
		{8C8975BF-302A-4462-9EDF-1CBA03270C57}.Release|Any CPU.Build.0 = Release|Any CPU
		{C3E15AE4-E527-48FB-B653-EA403FF01F25}.Debug|Any CPU.ActiveCfg = Debug|Any CPU
		{C3E15AE4-E527-48FB-B653-EA403FF01F25}.Debug|Any CPU.Build.0 = Debug|Any CPU
		{C3E15AE4-E527-48FB-B653-EA403FF01F25}.Release|Any CPU.ActiveCfg = Release|Any CPU
		{C3E15AE4-E527-48FB-B653-EA403FF01F25}.Release|Any CPU.Build.0 = Release|Any CPU
		{391F6B9B-9CE9-4168-B033-AB1CA2D9FC23}.Debug|Any CPU.ActiveCfg = Debug|Any CPU
		{391F6B9B-9CE9-4168-B033-AB1CA2D9FC23}.Debug|Any CPU.Build.0 = Debug|Any CPU
		{391F6B9B-9CE9-4168-B033-AB1CA2D9FC23}.Release|Any CPU.ActiveCfg = Release|Any CPU
		{391F6B9B-9CE9-4168-B033-AB1CA2D9FC23}.Release|Any CPU.Build.0 = Release|Any CPU
		{5F6C6873-E9F1-451E-8E1A-BDF906BC61F5}.Debug|Any CPU.ActiveCfg = Debug|Any CPU
		{5F6C6873-E9F1-451E-8E1A-BDF906BC61F5}.Debug|Any CPU.Build.0 = Debug|Any CPU
		{5F6C6873-E9F1-451E-8E1A-BDF906BC61F5}.Release|Any CPU.ActiveCfg = Release|Any CPU
		{5F6C6873-E9F1-451E-8E1A-BDF906BC61F5}.Release|Any CPU.Build.0 = Release|Any CPU
		{102954BE-D780-46FD-AEC6-A7E58B9DD79D}.Debug|Any CPU.ActiveCfg = Debug|Any CPU
		{102954BE-D780-46FD-AEC6-A7E58B9DD79D}.Debug|Any CPU.Build.0 = Debug|Any CPU
		{102954BE-D780-46FD-AEC6-A7E58B9DD79D}.Release|Any CPU.ActiveCfg = Release|Any CPU
		{102954BE-D780-46FD-AEC6-A7E58B9DD79D}.Release|Any CPU.Build.0 = Release|Any CPU
		{FE5A6411-D13A-4252-9E95-BE775D172560}.Debug|Any CPU.ActiveCfg = Debug|Any CPU
		{FE5A6411-D13A-4252-9E95-BE775D172560}.Debug|Any CPU.Build.0 = Debug|Any CPU
		{FE5A6411-D13A-4252-9E95-BE775D172560}.Release|Any CPU.ActiveCfg = Release|Any CPU
		{FE5A6411-D13A-4252-9E95-BE775D172560}.Release|Any CPU.Build.0 = Release|Any CPU
		{6AEE8B0C-ED5D-4B25-B863-FB4A47B507CC}.Debug|Any CPU.ActiveCfg = Debug|Any CPU
		{6AEE8B0C-ED5D-4B25-B863-FB4A47B507CC}.Debug|Any CPU.Build.0 = Debug|Any CPU
		{6AEE8B0C-ED5D-4B25-B863-FB4A47B507CC}.Release|Any CPU.ActiveCfg = Release|Any CPU
		{6AEE8B0C-ED5D-4B25-B863-FB4A47B507CC}.Release|Any CPU.Build.0 = Release|Any CPU
		{BD2F02FB-8605-42CF-B974-1907CE54C8CE}.Debug|Any CPU.ActiveCfg = Debug|Any CPU
		{BD2F02FB-8605-42CF-B974-1907CE54C8CE}.Debug|Any CPU.Build.0 = Debug|Any CPU
		{BD2F02FB-8605-42CF-B974-1907CE54C8CE}.Release|Any CPU.ActiveCfg = Release|Any CPU
		{BD2F02FB-8605-42CF-B974-1907CE54C8CE}.Release|Any CPU.Build.0 = Release|Any CPU
		{46D8B4D4-ED58-4831-9880-4785332DFCC3}.Debug|Any CPU.ActiveCfg = Debug|Any CPU
		{46D8B4D4-ED58-4831-9880-4785332DFCC3}.Debug|Any CPU.Build.0 = Debug|Any CPU
		{46D8B4D4-ED58-4831-9880-4785332DFCC3}.Release|Any CPU.ActiveCfg = Release|Any CPU
		{46D8B4D4-ED58-4831-9880-4785332DFCC3}.Release|Any CPU.Build.0 = Release|Any CPU
		{7DC1D128-B3F6-400B-9271-B40821DC9FE3}.Debug|Any CPU.ActiveCfg = Debug|Any CPU
		{7DC1D128-B3F6-400B-9271-B40821DC9FE3}.Debug|Any CPU.Build.0 = Debug|Any CPU
		{7DC1D128-B3F6-400B-9271-B40821DC9FE3}.Release|Any CPU.ActiveCfg = Release|Any CPU
		{7DC1D128-B3F6-400B-9271-B40821DC9FE3}.Release|Any CPU.Build.0 = Release|Any CPU
		{A18663E7-36E5-4BCC-B8F3-1E4A62EA6306}.Debug|Any CPU.ActiveCfg = Debug|Any CPU
		{A18663E7-36E5-4BCC-B8F3-1E4A62EA6306}.Debug|Any CPU.Build.0 = Debug|Any CPU
		{A18663E7-36E5-4BCC-B8F3-1E4A62EA6306}.Release|Any CPU.ActiveCfg = Release|Any CPU
		{A18663E7-36E5-4BCC-B8F3-1E4A62EA6306}.Release|Any CPU.Build.0 = Release|Any CPU
		{D984A5CD-3B4F-4DBD-B84D-7D9BB5965D73}.Debug|Any CPU.ActiveCfg = Debug|Any CPU
		{D984A5CD-3B4F-4DBD-B84D-7D9BB5965D73}.Debug|Any CPU.Build.0 = Debug|Any CPU
		{D984A5CD-3B4F-4DBD-B84D-7D9BB5965D73}.Release|Any CPU.ActiveCfg = Release|Any CPU
		{D984A5CD-3B4F-4DBD-B84D-7D9BB5965D73}.Release|Any CPU.Build.0 = Release|Any CPU
		{09427EF8-67F9-426D-8030-85AAE6274310}.Debug|Any CPU.ActiveCfg = Debug|Any CPU
		{09427EF8-67F9-426D-8030-85AAE6274310}.Debug|Any CPU.Build.0 = Debug|Any CPU
		{09427EF8-67F9-426D-8030-85AAE6274310}.Release|Any CPU.ActiveCfg = Release|Any CPU
		{09427EF8-67F9-426D-8030-85AAE6274310}.Release|Any CPU.Build.0 = Release|Any CPU
		{55616C8C-DA1D-4FB3-B6D1-D1615B3B2EAB}.Debug|Any CPU.ActiveCfg = Debug|Any CPU
		{55616C8C-DA1D-4FB3-B6D1-D1615B3B2EAB}.Debug|Any CPU.Build.0 = Debug|Any CPU
		{55616C8C-DA1D-4FB3-B6D1-D1615B3B2EAB}.Release|Any CPU.ActiveCfg = Release|Any CPU
		{55616C8C-DA1D-4FB3-B6D1-D1615B3B2EAB}.Release|Any CPU.Build.0 = Release|Any CPU
		{AB257B2D-AC81-4B90-B365-F641281AFAD4}.Debug|Any CPU.ActiveCfg = Debug|Any CPU
		{AB257B2D-AC81-4B90-B365-F641281AFAD4}.Debug|Any CPU.Build.0 = Debug|Any CPU
		{AB257B2D-AC81-4B90-B365-F641281AFAD4}.Release|Any CPU.ActiveCfg = Release|Any CPU
		{AB257B2D-AC81-4B90-B365-F641281AFAD4}.Release|Any CPU.Build.0 = Release|Any CPU
	EndGlobalSection
	GlobalSection(SolutionProperties) = preSolution
		HideSolutionNode = FALSE
	EndGlobalSection
	GlobalSection(NestedProjects) = preSolution
		{B385FF4F-9C9E-4005-B030-4A1D0F3F55D8} = {1FD2C709-5B60-4D1E-A739-F87259470FB0}
		{AA3945AF-28EB-46EF-8D29-2561CE14100D} = {1FD2C709-5B60-4D1E-A739-F87259470FB0}
		{D984A5CD-3B4F-4DBD-B84D-7D9BB5965D73} = {B385FF4F-9C9E-4005-B030-4A1D0F3F55D8}
		{55616C8C-DA1D-4FB3-B6D1-D1615B3B2EAB} = {B385FF4F-9C9E-4005-B030-4A1D0F3F55D8}
		{AB257B2D-AC81-4B90-B365-F641281AFAD4} = {B385FF4F-9C9E-4005-B030-4A1D0F3F55D8}
		{ACD5D3D1-675A-49EF-8CF4-7E27528CFAC1} = {7139F4C9-17E1-472B-876D-FEAC7274A881}
		{35AAE028-91F3-43F3-B01D-760FEA17C82B} = {8B1E0FC7-2685-4C85-99A4-59664CEF9C57}
		{5C10F8AE-3AFE-4B51-B6A3-79AEE26A166F} = {8B1E0FC7-2685-4C85-99A4-59664CEF9C57}
		{A1BD8BAC-28CC-4169-B73E-B13C22132DFB} = {8B1E0FC7-2685-4C85-99A4-59664CEF9C57}
		{1DBDA8EF-7A1F-4F98-A00F-FFEC1FD95AA3} = {8B1E0FC7-2685-4C85-99A4-59664CEF9C57}
		{85B27883-4651-45BC-B3E1-A00564525140} = {8B1E0FC7-2685-4C85-99A4-59664CEF9C57}
		{46F68DD7-EDBA-4F96-BF44-F5BF6C2E2776} = {8B1E0FC7-2685-4C85-99A4-59664CEF9C57}
		{C4F880A3-653F-4CC9-9333-DBE2CB4EFEF9} = {3E095456-4A91-41D0-8D57-6F0C0982FE63}
		{09427EF8-67F9-426D-8030-85AAE6274310} = {3E095456-4A91-41D0-8D57-6F0C0982FE63}
		{0913F8B5-DA27-4B5C-9E13-682A8555BCE3} = {35AAE028-91F3-43F3-B01D-760FEA17C82B}
		{F69BC5DB-C4E2-4AA0-A622-AA0C20CB2E3F} = {35AAE028-91F3-43F3-B01D-760FEA17C82B}
		{A69B2E6E-9E40-40B4-BFD8-3164DF393744} = {D07E79F1-C499-4017-8A22-52B145BABFBA}
		{B1589498-379C-47EC-A20C-4460894A3497} = {D07E79F1-C499-4017-8A22-52B145BABFBA}
		{09DE4E5E-4672-4FEF-AB52-11B65536819A} = {AA3945AF-28EB-46EF-8D29-2561CE14100D}
		{0336B64B-3535-4D62-A70A-ED6284945BAC} = {AA3945AF-28EB-46EF-8D29-2561CE14100D}
		{EF6577D8-FDF8-478E-9C5A-621CD4504ECE} = {A1275D17-4705-43F0-AABD-8E1AA32205E3}
		{90281B60-6D3F-479D-8449-1F25E81B4991} = {A1275D17-4705-43F0-AABD-8E1AA32205E3}
		{6AEE8B0C-ED5D-4B25-B863-FB4A47B507CC} = {A1275D17-4705-43F0-AABD-8E1AA32205E3}
		{361D2CDE-D2B2-4841-901A-7D9E2D3BE29D} = {E21C2EB0-0C1F-4458-8B71-CBB0C7BE06D2}
		{A60EE78F-91F9-4843-9560-C9EBAC9EDF52} = {E21C2EB0-0C1F-4458-8B71-CBB0C7BE06D2}
		{BB51732F-3674-4BA3-A512-98CD46A9AFF3} = {E21C2EB0-0C1F-4458-8B71-CBB0C7BE06D2}
		{8C8975BF-302A-4462-9EDF-1CBA03270C57} = {1DBDA8EF-7A1F-4F98-A00F-FFEC1FD95AA3}
		{5A0A1032-8728-4351-8550-E9891112C078} = {1DBDA8EF-7A1F-4F98-A00F-FFEC1FD95AA3}
		{C3E15AE4-E527-48FB-B653-EA403FF01F25} = {85B27883-4651-45BC-B3E1-A00564525140}
		{391F6B9B-9CE9-4168-B033-AB1CA2D9FC23} = {85B27883-4651-45BC-B3E1-A00564525140}
		{5F6C6873-E9F1-451E-8E1A-BDF906BC61F5} = {BD9F4B64-C888-4D39-A8E5-61A4C7F017EF}
		{102954BE-D780-46FD-AEC6-A7E58B9DD79D} = {BD9F4B64-C888-4D39-A8E5-61A4C7F017EF}
		{FE5A6411-D13A-4252-9E95-BE775D172560} = {BD9F4B64-C888-4D39-A8E5-61A4C7F017EF}
		{A18663E7-36E5-4BCC-B8F3-1E4A62EA6306} = {BD9F4B64-C888-4D39-A8E5-61A4C7F017EF}
		{BD2F02FB-8605-42CF-B974-1907CE54C8CE} = {46F68DD7-EDBA-4F96-BF44-F5BF6C2E2776}
		{46D8B4D4-ED58-4831-9880-4785332DFCC3} = {46F68DD7-EDBA-4F96-BF44-F5BF6C2E2776}
		{7DC1D128-B3F6-400B-9271-B40821DC9FE3} = {46F68DD7-EDBA-4F96-BF44-F5BF6C2E2776}
	EndGlobalSection
EndGlobal
