
Microsoft Visual Studio Solution File, Format Version 11.00
# Visual Studio 2010
Project("{FAE04EC0-301F-11D3-BF4B-00C04F79EFBC}") = "Hygia.LaunchPad", "src\Hygia.LaunchPad\Hygia.LaunchPad.csproj", "{3AECB1E9-D566-4224-BBFB-E2AA66F77681}"
EndProject
Project("{FAE04EC0-301F-11D3-BF4B-00C04F79EFBC}") = "Hygia.LaunchPad.Specs", "tests\Hygia.LaunchPad.Specs\Hygia.LaunchPad.Specs.csproj", "{B9B7DE61-AAC7-4C09-B652-E0F4B2E73A3C}"
EndProject
Project("{2150E333-8FDC-42A3-9474-1A3956D46DE8}") = ".nuget", ".nuget", "{5EB6F2E5-235D-4EF4-AEDD-FC5E14A4285B}"
	ProjectSection(SolutionItems) = preProject
		.nuget\NuGet.exe = .nuget\NuGet.exe
		.nuget\NuGet.targets = .nuget\NuGet.targets
	EndProjectSection
EndProject
Project("{FAE04EC0-301F-11D3-BF4B-00C04F79EFBC}") = "Hygia.API", "src\Hygia.API\Hygia.API.csproj", "{68A2EDA5-D69B-49E9-B965-F2F5BAE69618}"
EndProject
Project("{2150E333-8FDC-42A3-9474-1A3956D46DE8}") = "Endpoints", "Endpoints", "{2A90FE7A-7D42-4A23-96A9-3DAEB1459596}"
EndProject
Project("{2150E333-8FDC-42A3-9474-1A3956D46DE8}") = "Specs", "Specs", "{B385FF4F-9C9E-4005-B030-4A1D0F3F55D8}"
EndProject
Project("{FAE04EC0-301F-11D3-BF4B-00C04F79EFBC}") = "Hygia.Backend", "src\Hygia.Backend\Hygia.Backend.csproj", "{5E0E7F92-82AD-4E42-B6B0-8DBFC2C38074}"
EndProject
Project("{2150E333-8FDC-42A3-9474-1A3956D46DE8}") = "LogicalMonitoring", "LogicalMonitoring", "{7139F4C9-17E1-472B-876D-FEAC7274A881}"
EndProject
Project("{2150E333-8FDC-42A3-9474-1A3956D46DE8}") = "Operations", "Operations", "{8B1E0FC7-2685-4C85-99A4-59664CEF9C57}"
EndProject
Project("{2150E333-8FDC-42A3-9474-1A3956D46DE8}") = "Core", "Core", "{3E095456-4A91-41D0-8D57-6F0C0982FE63}"
EndProject
Project("{FAE04EC0-301F-11D3-BF4B-00C04F79EFBC}") = "Hygia.Operations.AuditUploads", "src\Hygia.Operations.AuditUploads\Hygia.Operations.AuditUploads.csproj", "{0913F8B5-DA27-4B5C-9E13-682A8555BCE3}"
EndProject
Project("{FAE04EC0-301F-11D3-BF4B-00C04F79EFBC}") = "Hygia.Core", "src\Hygia.Core\Hygia.Core.csproj", "{C4F880A3-653F-4CC9-9333-DBE2CB4EFEF9}"
EndProject
Project("{FAE04EC0-301F-11D3-BF4B-00C04F79EFBC}") = "Hygia.Operations", "src\Hygia.Operations\Hygia.Operations.csproj", "{5C10F8AE-3AFE-4B51-B6A3-79AEE26A166F}"
EndProject
Project("{2150E333-8FDC-42A3-9474-1A3956D46DE8}") = "PhysicalMonitoring", "PhysicalMonitoring", "{D07E79F1-C499-4017-8A22-52B145BABFBA}"
EndProject
Project("{FAE04EC0-301F-11D3-BF4B-00C04F79EFBC}") = "Hygia.PhysicalMonitoring", "src\Hygia.PhysicalMonitoring\Hygia.PhysicalMonitoring.csproj", "{A69B2E6E-9E40-40B4-BFD8-3164DF393744}"
EndProject
Project("{FAE04EC0-301F-11D3-BF4B-00C04F79EFBC}") = "Hygia.LogicalMonitoring", "src\Hygia.LogicalMonitoring\Hygia.LogicalMonitoring.csproj", "{ACD5D3D1-675A-49EF-8CF4-7E27528CFAC1}"
EndProject
Project("{2150E333-8FDC-42A3-9474-1A3956D46DE8}") = "AuditUploads", "AuditUploads", "{35AAE028-91F3-43F3-B01D-760FEA17C82B}"
EndProject
Project("{FAE04EC0-301F-11D3-BF4B-00C04F79EFBC}") = "Hygia.Operations.AuditUploads.Messages", "src\Hygia.Operations.AuditUploads.Messages\Hygia.Operations.AuditUploads.Messages.csproj", "{E62BCFF0-B9A6-4E53-BE25-CE9706490B29}"
EndProject
Project("{FAE04EC0-301F-11D3-BF4B-00C04F79EFBC}") = "Hygia.Operations.AuditUploads.Feed", "src\Hygia.Operations.AuditUploads.Feed\Hygia.Operations.AuditUploads.Feed.csproj", "{6A0038B9-C4EE-4D63-8421-02DF506F7AF4}"
EndProject
Project("{FAE04EC0-301F-11D3-BF4B-00C04F79EFBC}") = "Hygia.Operations.AuditUploads.Api", "src\Hygia.Operations.AuditUploads.Api\Hygia.Operations.AuditUploads.Api.csproj", "{9414D4D0-DB3C-4C4D-BA66-7AC97288F923}"
EndProject
Project("{2150E333-8FDC-42A3-9474-1A3956D46DE8}") = "Tests", "Tests", "{1FD2C709-5B60-4D1E-A739-F87259470FB0}"
EndProject
Project("{2150E333-8FDC-42A3-9474-1A3956D46DE8}") = "Integration", "Integration", "{AA3945AF-28EB-46EF-8D29-2561CE14100D}"
EndProject
Project("{FAE04EC0-301F-11D3-BF4B-00C04F79EFBC}") = "Hygia.IntegrationTests", "tests\Hygia.IntegrationTests\Hygia.IntegrationTests.csproj", "{09DE4E5E-4672-4FEF-AB52-11B65536819A}"
EndProject
Project("{FAE04EC0-301F-11D3-BF4B-00C04F79EFBC}") = "Hygia.PhysicalMonitoring.Index", "src\Hygia.PhysicalMonitoring.Index\Hygia.PhysicalMonitoring.Index.csproj", "{B1589498-379C-47EC-A20C-4460894A3497}"
EndProject
Project("{FAE04EC0-301F-11D3-BF4B-00C04F79EFBC}") = "Hygia.Web", "src\Hygia.Web\Hygia.Web.csproj", "{50506B94-7688-46F4-BB85-844708BC6805}"
EndProject
Global
	GlobalSection(SolutionConfigurationPlatforms) = preSolution
		Debug|Any CPU = Debug|Any CPU
		Release|Any CPU = Release|Any CPU
	EndGlobalSection
	GlobalSection(ProjectConfigurationPlatforms) = postSolution
		{3AECB1E9-D566-4224-BBFB-E2AA66F77681}.Debug|Any CPU.ActiveCfg = Debug|Any CPU
		{3AECB1E9-D566-4224-BBFB-E2AA66F77681}.Debug|Any CPU.Build.0 = Debug|Any CPU
		{3AECB1E9-D566-4224-BBFB-E2AA66F77681}.Release|Any CPU.ActiveCfg = Release|Any CPU
		{3AECB1E9-D566-4224-BBFB-E2AA66F77681}.Release|Any CPU.Build.0 = Release|Any CPU
		{B9B7DE61-AAC7-4C09-B652-E0F4B2E73A3C}.Debug|Any CPU.ActiveCfg = Debug|Any CPU
		{B9B7DE61-AAC7-4C09-B652-E0F4B2E73A3C}.Debug|Any CPU.Build.0 = Debug|Any CPU
		{B9B7DE61-AAC7-4C09-B652-E0F4B2E73A3C}.Release|Any CPU.ActiveCfg = Release|Any CPU
		{B9B7DE61-AAC7-4C09-B652-E0F4B2E73A3C}.Release|Any CPU.Build.0 = Release|Any CPU
		{68A2EDA5-D69B-49E9-B965-F2F5BAE69618}.Debug|Any CPU.ActiveCfg = Debug|Any CPU
		{68A2EDA5-D69B-49E9-B965-F2F5BAE69618}.Debug|Any CPU.Build.0 = Debug|Any CPU
		{68A2EDA5-D69B-49E9-B965-F2F5BAE69618}.Release|Any CPU.ActiveCfg = Release|Any CPU
		{68A2EDA5-D69B-49E9-B965-F2F5BAE69618}.Release|Any CPU.Build.0 = Release|Any CPU
		{5E0E7F92-82AD-4E42-B6B0-8DBFC2C38074}.Debug|Any CPU.ActiveCfg = Debug|Any CPU
		{5E0E7F92-82AD-4E42-B6B0-8DBFC2C38074}.Debug|Any CPU.Build.0 = Debug|Any CPU
		{5E0E7F92-82AD-4E42-B6B0-8DBFC2C38074}.Release|Any CPU.ActiveCfg = Release|Any CPU
		{5E0E7F92-82AD-4E42-B6B0-8DBFC2C38074}.Release|Any CPU.Build.0 = Release|Any CPU
		{0913F8B5-DA27-4B5C-9E13-682A8555BCE3}.Debug|Any CPU.ActiveCfg = Debug|Any CPU
		{0913F8B5-DA27-4B5C-9E13-682A8555BCE3}.Debug|Any CPU.Build.0 = Debug|Any CPU
		{0913F8B5-DA27-4B5C-9E13-682A8555BCE3}.Release|Any CPU.ActiveCfg = Release|Any CPU
		{0913F8B5-DA27-4B5C-9E13-682A8555BCE3}.Release|Any CPU.Build.0 = Release|Any CPU
		{C4F880A3-653F-4CC9-9333-DBE2CB4EFEF9}.Debug|Any CPU.ActiveCfg = Debug|Any CPU
		{C4F880A3-653F-4CC9-9333-DBE2CB4EFEF9}.Debug|Any CPU.Build.0 = Debug|Any CPU
		{C4F880A3-653F-4CC9-9333-DBE2CB4EFEF9}.Release|Any CPU.ActiveCfg = Release|Any CPU
		{C4F880A3-653F-4CC9-9333-DBE2CB4EFEF9}.Release|Any CPU.Build.0 = Release|Any CPU
		{5C10F8AE-3AFE-4B51-B6A3-79AEE26A166F}.Debug|Any CPU.ActiveCfg = Debug|Any CPU
		{5C10F8AE-3AFE-4B51-B6A3-79AEE26A166F}.Debug|Any CPU.Build.0 = Debug|Any CPU
		{5C10F8AE-3AFE-4B51-B6A3-79AEE26A166F}.Release|Any CPU.ActiveCfg = Release|Any CPU
		{5C10F8AE-3AFE-4B51-B6A3-79AEE26A166F}.Release|Any CPU.Build.0 = Release|Any CPU
		{A69B2E6E-9E40-40B4-BFD8-3164DF393744}.Debug|Any CPU.ActiveCfg = Debug|Any CPU
		{A69B2E6E-9E40-40B4-BFD8-3164DF393744}.Debug|Any CPU.Build.0 = Debug|Any CPU
		{A69B2E6E-9E40-40B4-BFD8-3164DF393744}.Release|Any CPU.ActiveCfg = Release|Any CPU
		{A69B2E6E-9E40-40B4-BFD8-3164DF393744}.Release|Any CPU.Build.0 = Release|Any CPU
		{ACD5D3D1-675A-49EF-8CF4-7E27528CFAC1}.Debug|Any CPU.ActiveCfg = Debug|Any CPU
		{ACD5D3D1-675A-49EF-8CF4-7E27528CFAC1}.Debug|Any CPU.Build.0 = Debug|Any CPU
		{ACD5D3D1-675A-49EF-8CF4-7E27528CFAC1}.Release|Any CPU.ActiveCfg = Release|Any CPU
		{ACD5D3D1-675A-49EF-8CF4-7E27528CFAC1}.Release|Any CPU.Build.0 = Release|Any CPU
		{E62BCFF0-B9A6-4E53-BE25-CE9706490B29}.Debug|Any CPU.ActiveCfg = Debug|Any CPU
		{E62BCFF0-B9A6-4E53-BE25-CE9706490B29}.Debug|Any CPU.Build.0 = Debug|Any CPU
		{E62BCFF0-B9A6-4E53-BE25-CE9706490B29}.Release|Any CPU.ActiveCfg = Release|Any CPU
		{E62BCFF0-B9A6-4E53-BE25-CE9706490B29}.Release|Any CPU.Build.0 = Release|Any CPU
		{6A0038B9-C4EE-4D63-8421-02DF506F7AF4}.Debug|Any CPU.ActiveCfg = Debug|Any CPU
		{6A0038B9-C4EE-4D63-8421-02DF506F7AF4}.Debug|Any CPU.Build.0 = Debug|Any CPU
		{6A0038B9-C4EE-4D63-8421-02DF506F7AF4}.Release|Any CPU.ActiveCfg = Release|Any CPU
		{6A0038B9-C4EE-4D63-8421-02DF506F7AF4}.Release|Any CPU.Build.0 = Release|Any CPU
		{9414D4D0-DB3C-4C4D-BA66-7AC97288F923}.Debug|Any CPU.ActiveCfg = Debug|Any CPU
		{9414D4D0-DB3C-4C4D-BA66-7AC97288F923}.Debug|Any CPU.Build.0 = Debug|Any CPU
		{9414D4D0-DB3C-4C4D-BA66-7AC97288F923}.Release|Any CPU.ActiveCfg = Release|Any CPU
		{9414D4D0-DB3C-4C4D-BA66-7AC97288F923}.Release|Any CPU.Build.0 = Release|Any CPU
		{09DE4E5E-4672-4FEF-AB52-11B65536819A}.Debug|Any CPU.ActiveCfg = Debug|Any CPU
		{09DE4E5E-4672-4FEF-AB52-11B65536819A}.Debug|Any CPU.Build.0 = Debug|Any CPU
		{09DE4E5E-4672-4FEF-AB52-11B65536819A}.Release|Any CPU.ActiveCfg = Release|Any CPU
		{09DE4E5E-4672-4FEF-AB52-11B65536819A}.Release|Any CPU.Build.0 = Release|Any CPU
		{B1589498-379C-47EC-A20C-4460894A3497}.Debug|Any CPU.ActiveCfg = Debug|Any CPU
		{B1589498-379C-47EC-A20C-4460894A3497}.Debug|Any CPU.Build.0 = Debug|Any CPU
		{B1589498-379C-47EC-A20C-4460894A3497}.Release|Any CPU.ActiveCfg = Release|Any CPU
		{B1589498-379C-47EC-A20C-4460894A3497}.Release|Any CPU.Build.0 = Release|Any CPU
		{50506B94-7688-46F4-BB85-844708BC6805}.Debug|Any CPU.ActiveCfg = Debug|Any CPU
		{50506B94-7688-46F4-BB85-844708BC6805}.Debug|Any CPU.Build.0 = Debug|Any CPU
		{50506B94-7688-46F4-BB85-844708BC6805}.Release|Any CPU.ActiveCfg = Release|Any CPU
		{50506B94-7688-46F4-BB85-844708BC6805}.Release|Any CPU.Build.0 = Release|Any CPU
	EndGlobalSection
	GlobalSection(SolutionProperties) = preSolution
		HideSolutionNode = FALSE
	EndGlobalSection
	GlobalSection(NestedProjects) = preSolution
		{2A90FE7A-7D42-4A23-96A9-3DAEB1459596} = {8B1E0FC7-2685-4C85-99A4-59664CEF9C57}
		{35AAE028-91F3-43F3-B01D-760FEA17C82B} = {8B1E0FC7-2685-4C85-99A4-59664CEF9C57}
		{5C10F8AE-3AFE-4B51-B6A3-79AEE26A166F} = {8B1E0FC7-2685-4C85-99A4-59664CEF9C57}
		{B385FF4F-9C9E-4005-B030-4A1D0F3F55D8} = {1FD2C709-5B60-4D1E-A739-F87259470FB0}
		{AA3945AF-28EB-46EF-8D29-2561CE14100D} = {1FD2C709-5B60-4D1E-A739-F87259470FB0}
		{68A2EDA5-D69B-49E9-B965-F2F5BAE69618} = {2A90FE7A-7D42-4A23-96A9-3DAEB1459596}
		{5E0E7F92-82AD-4E42-B6B0-8DBFC2C38074} = {2A90FE7A-7D42-4A23-96A9-3DAEB1459596}
		{3AECB1E9-D566-4224-BBFB-E2AA66F77681} = {2A90FE7A-7D42-4A23-96A9-3DAEB1459596}
		{50506B94-7688-46F4-BB85-844708BC6805} = {2A90FE7A-7D42-4A23-96A9-3DAEB1459596}
		{B9B7DE61-AAC7-4C09-B652-E0F4B2E73A3C} = {B385FF4F-9C9E-4005-B030-4A1D0F3F55D8}
		{ACD5D3D1-675A-49EF-8CF4-7E27528CFAC1} = {7139F4C9-17E1-472B-876D-FEAC7274A881}
		{C4F880A3-653F-4CC9-9333-DBE2CB4EFEF9} = {3E095456-4A91-41D0-8D57-6F0C0982FE63}
		{0913F8B5-DA27-4B5C-9E13-682A8555BCE3} = {35AAE028-91F3-43F3-B01D-760FEA17C82B}
		{E62BCFF0-B9A6-4E53-BE25-CE9706490B29} = {35AAE028-91F3-43F3-B01D-760FEA17C82B}
		{6A0038B9-C4EE-4D63-8421-02DF506F7AF4} = {35AAE028-91F3-43F3-B01D-760FEA17C82B}
		{9414D4D0-DB3C-4C4D-BA66-7AC97288F923} = {35AAE028-91F3-43F3-B01D-760FEA17C82B}
		{A69B2E6E-9E40-40B4-BFD8-3164DF393744} = {D07E79F1-C499-4017-8A22-52B145BABFBA}
		{B1589498-379C-47EC-A20C-4460894A3497} = {D07E79F1-C499-4017-8A22-52B145BABFBA}
		{09DE4E5E-4672-4FEF-AB52-11B65536819A} = {AA3945AF-28EB-46EF-8D29-2561CE14100D}
	EndGlobalSection
EndGlobal
