
Microsoft Visual Studio Solution File, Format Version 11.00
# Visual Studio 2010
Project("{FAE04EC0-301F-11D3-BF4B-00C04F79EFBC}") = "Hygia.LaunchPad", "src\Hygia.LaunchPad\Hygia.LaunchPad.csproj", "{3AECB1E9-D566-4224-BBFB-E2AA66F77681}"
EndProject
Project("{FAE04EC0-301F-11D3-BF4B-00C04F79EFBC}") = "Hygia.Operations", "src\Hygia.Operations\Hygia.Operations.csproj", "{5C10F8AE-3AFE-4B51-B6A3-79AEE26A166F}"
EndProject
Project("{FAE04EC0-301F-11D3-BF4B-00C04F79EFBC}") = "Hygia.Operations.AuditUploads.Feed", "src\Hygia.Operations.AuditUploads.Feed\Hygia.Operations.AuditUploads.Feed.csproj", "{6A0038B9-C4EE-4D63-8421-02DF506F7AF4}"
EndProject
Project("{FAE04EC0-301F-11D3-BF4B-00C04F79EFBC}") = "Hygia.Operations.Faults.Feed", "src\Hygia.Operations.Faults.Feed\Hygia.Operations.Faults.Feed.csproj", "{4C47DD0A-EE68-4E0A-9A64-5C4C72A4D058}"
EndProject
Project("{2150E333-8FDC-42A3-9474-1A3956D46DE8}") = "Operations", "Operations", "{D81B785D-0230-465B-A800-CE658CC786CD}"
EndProject
Project("{FAE04EC0-301F-11D3-BF4B-00C04F79EFBC}") = "Hygia.Operations.Communication.LaunchPad", "src\Hygia.Operations.Communication.LaunchPad\Hygia.Operations.Communication.LaunchPad.csproj", "{A2B1B8E9-CB6C-4FFB-9B9A-E96B18F1F7D1}"
EndProject
Project("{FAE04EC0-301F-11D3-BF4B-00C04F79EFBC}") = "Hygia.Operations.AuditUploads.Commands", "src\Hygia.Operations.AuditUploads.Commands\Hygia.Operations.AuditUploads.Commands.csproj", "{F69BC5DB-C4E2-4AA0-A622-AA0C20CB2E3F}"
EndProject
Project("{FAE04EC0-301F-11D3-BF4B-00C04F79EFBC}") = "Hygia.Operations.Faults.Commands", "src\Hygia.Operations.Faults.Commands\Hygia.Operations.Faults.Commands.csproj", "{C3E15AE4-E527-48FB-B653-EA403FF01F25}"
EndProject
Project("{FAE04EC0-301F-11D3-BF4B-00C04F79EFBC}") = "Hygia.Operations.Communication.Domain", "src\Hygia.Operations.Communication.Domain\Hygia.Operations.Communication.Domain.csproj", "{BD2F02FB-8605-42CF-B974-1907CE54C8CE}"
EndProject
Project("{2150E333-8FDC-42A3-9474-1A3956D46DE8}") = "FaultManagement", "FaultManagement", "{C8AFEB03-21B1-4705-A7F9-DED0C7152577}"
EndProject
Project("{FAE04EC0-301F-11D3-BF4B-00C04F79EFBC}") = "Hygia.FaultManagement.Commands", "src\Hygia.FaultManagement.Commands\Hygia.FaultManagement.Commands.csproj", "{A18663E7-36E5-4BCC-B8F3-1E4A62EA6306}"
EndProject
Project("{FAE04EC0-301F-11D3-BF4B-00C04F79EFBC}") = "Hygia.FaultManagement.LaunchPad", "src\Hygia.FaultManagement.LaunchPad\Hygia.FaultManagement.LaunchPad.csproj", "{36A89D72-51DE-4558-BDDF-BAB89A134B97}"
EndProject
Project("{FAE04EC0-301F-11D3-BF4B-00C04F79EFBC}") = "Hygia.Operations.Communication", "src\Hygia.Operations.Communication\Hygia.Operations.Communication.csproj", "{7DC1D128-B3F6-400B-9271-B40821DC9FE3}"
EndProject
Project("{2150E333-8FDC-42A3-9474-1A3956D46DE8}") = "Tests", "Tests", "{8D3559B4-2C68-4B3C-98E7-0626F226DD4E}"
EndProject
Project("{FAE04EC0-301F-11D3-BF4B-00C04F79EFBC}") = "Hygia.Drivers.NServiceBus", "tests\Hygia.Drivers.NServiceBus\Hygia.Drivers.NServiceBus.csproj", "{0336B64B-3535-4D62-A70A-ED6284945BAC}"
EndProject
Project("{FAE04EC0-301F-11D3-BF4B-00C04F79EFBC}") = "Hygia.IntegrationTests", "tests\Hygia.IntegrationTests\Hygia.IntegrationTests.csproj", "{09DE4E5E-4672-4FEF-AB52-11B65536819A}"
EndProject
Global
	GlobalSection(SolutionConfigurationPlatforms) = preSolution
		Debug|Any CPU = Debug|Any CPU
		Release|Any CPU = Release|Any CPU
	EndGlobalSection
	GlobalSection(ProjectConfigurationPlatforms) = postSolution
		{3AECB1E9-D566-4224-BBFB-E2AA66F77681}.Debug|Any CPU.ActiveCfg = Debug|Any CPU
		{3AECB1E9-D566-4224-BBFB-E2AA66F77681}.Debug|Any CPU.Build.0 = Debug|Any CPU
		{3AECB1E9-D566-4224-BBFB-E2AA66F77681}.Release|Any CPU.ActiveCfg = Release|Any CPU
		{3AECB1E9-D566-4224-BBFB-E2AA66F77681}.Release|Any CPU.Build.0 = Release|Any CPU
		{5C10F8AE-3AFE-4B51-B6A3-79AEE26A166F}.Debug|Any CPU.ActiveCfg = Debug|Any CPU
		{5C10F8AE-3AFE-4B51-B6A3-79AEE26A166F}.Debug|Any CPU.Build.0 = Debug|Any CPU
		{5C10F8AE-3AFE-4B51-B6A3-79AEE26A166F}.Release|Any CPU.ActiveCfg = Release|Any CPU
		{5C10F8AE-3AFE-4B51-B6A3-79AEE26A166F}.Release|Any CPU.Build.0 = Release|Any CPU
		{6A0038B9-C4EE-4D63-8421-02DF506F7AF4}.Debug|Any CPU.ActiveCfg = Debug|Any CPU
		{6A0038B9-C4EE-4D63-8421-02DF506F7AF4}.Debug|Any CPU.Build.0 = Debug|Any CPU
		{6A0038B9-C4EE-4D63-8421-02DF506F7AF4}.Release|Any CPU.ActiveCfg = Release|Any CPU
		{6A0038B9-C4EE-4D63-8421-02DF506F7AF4}.Release|Any CPU.Build.0 = Release|Any CPU
		{4C47DD0A-EE68-4E0A-9A64-5C4C72A4D058}.Debug|Any CPU.ActiveCfg = Debug|Any CPU
		{4C47DD0A-EE68-4E0A-9A64-5C4C72A4D058}.Debug|Any CPU.Build.0 = Debug|Any CPU
		{4C47DD0A-EE68-4E0A-9A64-5C4C72A4D058}.Release|Any CPU.ActiveCfg = Release|Any CPU
		{4C47DD0A-EE68-4E0A-9A64-5C4C72A4D058}.Release|Any CPU.Build.0 = Release|Any CPU
		{A2B1B8E9-CB6C-4FFB-9B9A-E96B18F1F7D1}.Debug|Any CPU.ActiveCfg = Debug|Any CPU
		{A2B1B8E9-CB6C-4FFB-9B9A-E96B18F1F7D1}.Debug|Any CPU.Build.0 = Debug|Any CPU
		{A2B1B8E9-CB6C-4FFB-9B9A-E96B18F1F7D1}.Release|Any CPU.ActiveCfg = Release|Any CPU
		{A2B1B8E9-CB6C-4FFB-9B9A-E96B18F1F7D1}.Release|Any CPU.Build.0 = Release|Any CPU
		{F69BC5DB-C4E2-4AA0-A622-AA0C20CB2E3F}.Debug|Any CPU.ActiveCfg = Debug|Any CPU
		{F69BC5DB-C4E2-4AA0-A622-AA0C20CB2E3F}.Debug|Any CPU.Build.0 = Debug|Any CPU
		{F69BC5DB-C4E2-4AA0-A622-AA0C20CB2E3F}.Release|Any CPU.ActiveCfg = Release|Any CPU
		{F69BC5DB-C4E2-4AA0-A622-AA0C20CB2E3F}.Release|Any CPU.Build.0 = Release|Any CPU
		{C3E15AE4-E527-48FB-B653-EA403FF01F25}.Debug|Any CPU.ActiveCfg = Debug|Any CPU
		{C3E15AE4-E527-48FB-B653-EA403FF01F25}.Debug|Any CPU.Build.0 = Debug|Any CPU
		{C3E15AE4-E527-48FB-B653-EA403FF01F25}.Release|Any CPU.ActiveCfg = Release|Any CPU
		{C3E15AE4-E527-48FB-B653-EA403FF01F25}.Release|Any CPU.Build.0 = Release|Any CPU
		{BD2F02FB-8605-42CF-B974-1907CE54C8CE}.Debug|Any CPU.ActiveCfg = Debug|Any CPU
		{BD2F02FB-8605-42CF-B974-1907CE54C8CE}.Debug|Any CPU.Build.0 = Debug|Any CPU
		{BD2F02FB-8605-42CF-B974-1907CE54C8CE}.Release|Any CPU.ActiveCfg = Release|Any CPU
		{BD2F02FB-8605-42CF-B974-1907CE54C8CE}.Release|Any CPU.Build.0 = Release|Any CPU
		{A18663E7-36E5-4BCC-B8F3-1E4A62EA6306}.Debug|Any CPU.ActiveCfg = Debug|Any CPU
		{A18663E7-36E5-4BCC-B8F3-1E4A62EA6306}.Debug|Any CPU.Build.0 = Debug|Any CPU
		{A18663E7-36E5-4BCC-B8F3-1E4A62EA6306}.Release|Any CPU.ActiveCfg = Release|Any CPU
		{A18663E7-36E5-4BCC-B8F3-1E4A62EA6306}.Release|Any CPU.Build.0 = Release|Any CPU
		{36A89D72-51DE-4558-BDDF-BAB89A134B97}.Debug|Any CPU.ActiveCfg = Debug|Any CPU
		{36A89D72-51DE-4558-BDDF-BAB89A134B97}.Debug|Any CPU.Build.0 = Debug|Any CPU
		{36A89D72-51DE-4558-BDDF-BAB89A134B97}.Release|Any CPU.ActiveCfg = Release|Any CPU
		{36A89D72-51DE-4558-BDDF-BAB89A134B97}.Release|Any CPU.Build.0 = Release|Any CPU
		{7DC1D128-B3F6-400B-9271-B40821DC9FE3}.Debug|Any CPU.ActiveCfg = Debug|Any CPU
		{7DC1D128-B3F6-400B-9271-B40821DC9FE3}.Debug|Any CPU.Build.0 = Debug|Any CPU
		{7DC1D128-B3F6-400B-9271-B40821DC9FE3}.Release|Any CPU.ActiveCfg = Release|Any CPU
		{7DC1D128-B3F6-400B-9271-B40821DC9FE3}.Release|Any CPU.Build.0 = Release|Any CPU
		{0336B64B-3535-4D62-A70A-ED6284945BAC}.Debug|Any CPU.ActiveCfg = Debug|Any CPU
		{0336B64B-3535-4D62-A70A-ED6284945BAC}.Debug|Any CPU.Build.0 = Debug|Any CPU
		{0336B64B-3535-4D62-A70A-ED6284945BAC}.Release|Any CPU.ActiveCfg = Release|Any CPU
		{0336B64B-3535-4D62-A70A-ED6284945BAC}.Release|Any CPU.Build.0 = Release|Any CPU
		{09DE4E5E-4672-4FEF-AB52-11B65536819A}.Debug|Any CPU.ActiveCfg = Debug|Any CPU
		{09DE4E5E-4672-4FEF-AB52-11B65536819A}.Debug|Any CPU.Build.0 = Debug|Any CPU
		{09DE4E5E-4672-4FEF-AB52-11B65536819A}.Release|Any CPU.ActiveCfg = Release|Any CPU
		{09DE4E5E-4672-4FEF-AB52-11B65536819A}.Release|Any CPU.Build.0 = Release|Any CPU
	EndGlobalSection
	GlobalSection(SolutionProperties) = preSolution
		HideSolutionNode = FALSE
	EndGlobalSection
	GlobalSection(NestedProjects) = preSolution
		{6A0038B9-C4EE-4D63-8421-02DF506F7AF4} = {D81B785D-0230-465B-A800-CE658CC786CD}
		{4C47DD0A-EE68-4E0A-9A64-5C4C72A4D058} = {D81B785D-0230-465B-A800-CE658CC786CD}
		{5C10F8AE-3AFE-4B51-B6A3-79AEE26A166F} = {D81B785D-0230-465B-A800-CE658CC786CD}
		{A2B1B8E9-CB6C-4FFB-9B9A-E96B18F1F7D1} = {D81B785D-0230-465B-A800-CE658CC786CD}
		{F69BC5DB-C4E2-4AA0-A622-AA0C20CB2E3F} = {D81B785D-0230-465B-A800-CE658CC786CD}
		{C3E15AE4-E527-48FB-B653-EA403FF01F25} = {D81B785D-0230-465B-A800-CE658CC786CD}
		{BD2F02FB-8605-42CF-B974-1907CE54C8CE} = {D81B785D-0230-465B-A800-CE658CC786CD}
		{7DC1D128-B3F6-400B-9271-B40821DC9FE3} = {D81B785D-0230-465B-A800-CE658CC786CD}
		{A18663E7-36E5-4BCC-B8F3-1E4A62EA6306} = {C8AFEB03-21B1-4705-A7F9-DED0C7152577}
		{36A89D72-51DE-4558-BDDF-BAB89A134B97} = {C8AFEB03-21B1-4705-A7F9-DED0C7152577}
		{0336B64B-3535-4D62-A70A-ED6284945BAC} = {8D3559B4-2C68-4B3C-98E7-0626F226DD4E}
		{09DE4E5E-4672-4FEF-AB52-11B65536819A} = {8D3559B4-2C68-4B3C-98E7-0626F226DD4E}
	EndGlobalSection
EndGlobal
